
Microsoft Visual Studio Solution File, Format Version 12.00
# Visual Studio Version 16
VisualStudioVersion = 16.0.28729.10
MinimumVisualStudioVersion = 10.0.40219.1
Project("{FAE04EC0-301F-11D3-BF4B-00C04F79EFBC}") = "Net", "src\Net\Net.csproj", "{C87CF6FD-3004-4CA2-8170-B8C4F6BB7D62}"
EndProject
Project("{2150E333-8FDC-42A3-9474-1A3956D46DE8}") = "src", "src", "{FA4012BD-D831-4061-947D-6B9B75D6090B}"
EndProject
Project("{2150E333-8FDC-42A3-9474-1A3956D46DE8}") = "tests", "tests", "{EAB54485-DCCE-4FBE-B41D-EBD746BDE41D}"
EndProject
Project("{9A19103F-16F7-4668-BE54-9A1E7A4F7556}") = "UnitTest", "tests\UnitTest\UnitTest.csproj", "{EE3C83D9-1775-487B-ADC8-82E9CF78FDF5}"
EndProject
Global
	GlobalSection(SolutionConfigurationPlatforms) = preSolution
		Debug|Any CPU = Debug|Any CPU
		Release|Any CPU = Release|Any CPU
	EndGlobalSection
	GlobalSection(ProjectConfigurationPlatforms) = postSolution
		{C87CF6FD-3004-4CA2-8170-B8C4F6BB7D62}.Debug|Any CPU.ActiveCfg = Debug|Any CPU
		{C87CF6FD-3004-4CA2-8170-B8C4F6BB7D62}.Debug|Any CPU.Build.0 = Debug|Any CPU
		{C87CF6FD-3004-4CA2-8170-B8C4F6BB7D62}.Release|Any CPU.ActiveCfg = Release|Any CPU
		{C87CF6FD-3004-4CA2-8170-B8C4F6BB7D62}.Release|Any CPU.Build.0 = Release|Any CPU
		{EE3C83D9-1775-487B-ADC8-82E9CF78FDF5}.Debug|Any CPU.ActiveCfg = Debug|Any CPU
		{EE3C83D9-1775-487B-ADC8-82E9CF78FDF5}.Debug|Any CPU.Build.0 = Debug|Any CPU
		{EE3C83D9-1775-487B-ADC8-82E9CF78FDF5}.Release|Any CPU.ActiveCfg = Release|Any CPU
		{EE3C83D9-1775-487B-ADC8-82E9CF78FDF5}.Release|Any CPU.Build.0 = Release|Any CPU
	EndGlobalSection
	GlobalSection(SolutionProperties) = preSolution
		HideSolutionNode = FALSE
	EndGlobalSection
	GlobalSection(NestedProjects) = preSolution
		{C87CF6FD-3004-4CA2-8170-B8C4F6BB7D62} = {FA4012BD-D831-4061-947D-6B9B75D6090B}
		{EE3C83D9-1775-487B-ADC8-82E9CF78FDF5} = {EAB54485-DCCE-4FBE-B41D-EBD746BDE41D}
	EndGlobalSection
	GlobalSection(ExtensibilityGlobals) = postSolution
		SolutionGuid = {E9A8E937-609F-47C9-A1C7-C9377C6B4F6B}
	EndGlobalSection
EndGlobal
